
Microsoft Visual Studio Solution File, Format Version 12.00
# Visual Studio Version 16
VisualStudioVersion = 16.0.30804.86
MinimumVisualStudioVersion = 10.0.40219.1
Project("{FAE04EC0-301F-11D3-BF4B-00C04F79EFBC}") = "Calculator", "Calculator\Calculator.csproj", "{81503F13-D91B-428C-BA41-EBC7CDED48B3}"
EndProject
Project("{FAE04EC0-301F-11D3-BF4B-00C04F79EFBC}") = "Calculator.Infra", "Calculator.Infra\Calculator.Infra.csproj", "{6FF6FE94-72F1-47EB-85E3-3EA83E8D3838}"
EndProject
Project("{8BC9CEB8-8B4A-11D0-8D11-00A0C91BC942}") = "Parser", "Parser\Parser.vcxproj", "{D1C7B493-2CA2-4A61-B2F3-62B541A3D598}"
EndProject
Global
	GlobalSection(SolutionConfigurationPlatforms) = preSolution
		Debug|Any CPU = Debug|Any CPU
		Debug|x64 = Debug|x64
		Debug|x86 = Debug|x86
		Release|Any CPU = Release|Any CPU
		Release|x64 = Release|x64
		Release|x86 = Release|x86
	EndGlobalSection
	GlobalSection(ProjectConfigurationPlatforms) = postSolution
		{81503F13-D91B-428C-BA41-EBC7CDED48B3}.Debug|Any CPU.ActiveCfg = Debug|Any CPU
		{81503F13-D91B-428C-BA41-EBC7CDED48B3}.Debug|Any CPU.Build.0 = Debug|Any CPU
		{81503F13-D91B-428C-BA41-EBC7CDED48B3}.Debug|x64.ActiveCfg = Debug|Any CPU
		{81503F13-D91B-428C-BA41-EBC7CDED48B3}.Debug|x64.Build.0 = Debug|Any CPU
		{81503F13-D91B-428C-BA41-EBC7CDED48B3}.Debug|x86.ActiveCfg = Debug|Any CPU
		{81503F13-D91B-428C-BA41-EBC7CDED48B3}.Debug|x86.Build.0 = Debug|Any CPU
		{81503F13-D91B-428C-BA41-EBC7CDED48B3}.Release|Any CPU.ActiveCfg = Release|Any CPU
		{81503F13-D91B-428C-BA41-EBC7CDED48B3}.Release|Any CPU.Build.0 = Release|Any CPU
		{81503F13-D91B-428C-BA41-EBC7CDED48B3}.Release|x64.ActiveCfg = Release|Any CPU
		{81503F13-D91B-428C-BA41-EBC7CDED48B3}.Release|x64.Build.0 = Release|Any CPU
		{81503F13-D91B-428C-BA41-EBC7CDED48B3}.Release|x86.ActiveCfg = Release|Any CPU
		{81503F13-D91B-428C-BA41-EBC7CDED48B3}.Release|x86.Build.0 = Release|Any CPU
		{6FF6FE94-72F1-47EB-85E3-3EA83E8D3838}.Debug|Any CPU.ActiveCfg = Debug|Any CPU
		{6FF6FE94-72F1-47EB-85E3-3EA83E8D3838}.Debug|Any CPU.Build.0 = Debug|Any CPU
		{6FF6FE94-72F1-47EB-85E3-3EA83E8D3838}.Debug|x64.ActiveCfg = Debug|Any CPU
		{6FF6FE94-72F1-47EB-85E3-3EA83E8D3838}.Debug|x64.Build.0 = Debug|Any CPU
		{6FF6FE94-72F1-47EB-85E3-3EA83E8D3838}.Debug|x86.ActiveCfg = Debug|Any CPU
		{6FF6FE94-72F1-47EB-85E3-3EA83E8D3838}.Debug|x86.Build.0 = Debug|Any CPU
		{6FF6FE94-72F1-47EB-85E3-3EA83E8D3838}.Release|Any CPU.ActiveCfg = Release|Any CPU
		{6FF6FE94-72F1-47EB-85E3-3EA83E8D3838}.Release|Any CPU.Build.0 = Release|Any CPU
		{6FF6FE94-72F1-47EB-85E3-3EA83E8D3838}.Release|x64.ActiveCfg = Release|Any CPU
		{6FF6FE94-72F1-47EB-85E3-3EA83E8D3838}.Release|x64.Build.0 = Release|Any CPU
		{6FF6FE94-72F1-47EB-85E3-3EA83E8D3838}.Release|x86.ActiveCfg = Release|Any CPU
		{6FF6FE94-72F1-47EB-85E3-3EA83E8D3838}.Release|x86.Build.0 = Release|Any CPU
		{D1C7B493-2CA2-4A61-B2F3-62B541A3D598}.Debug|Any CPU.ActiveCfg = Debug|Win32
		{D1C7B493-2CA2-4A61-B2F3-62B541A3D598}.Debug|x64.ActiveCfg = Debug|x64
		{D1C7B493-2CA2-4A61-B2F3-62B541A3D598}.Debug|x64.Build.0 = Debug|x64
		{D1C7B493-2CA2-4A61-B2F3-62B541A3D598}.Debug|x86.ActiveCfg = Debug|Win32
		{D1C7B493-2CA2-4A61-B2F3-62B541A3D598}.Debug|x86.Build.0 = Debug|Win32
		{D1C7B493-2CA2-4A61-B2F3-62B541A3D598}.Release|Any CPU.ActiveCfg = Release|Win32
		{D1C7B493-2CA2-4A61-B2F3-62B541A3D598}.Release|x64.ActiveCfg = Release|x64
		{D1C7B493-2CA2-4A61-B2F3-62B541A3D598}.Release|x64.Build.0 = Release|x64
		{D1C7B493-2CA2-4A61-B2F3-62B541A3D598}.Release|x86.ActiveCfg = Release|Win32
		{D1C7B493-2CA2-4A61-B2F3-62B541A3D598}.Release|x86.Build.0 = Release|Win32
	EndGlobalSection
	GlobalSection(SolutionProperties) = preSolution
		HideSolutionNode = FALSE
	EndGlobalSection
	GlobalSection(ExtensibilityGlobals) = postSolution
		SolutionGuid = {A3EDB867-4CD0-445B-9F02-E7408EF48BA0}
	EndGlobalSection
EndGlobal
